// !$*UTF8*$!
{
	archiveVersion = 1;
	classes = {
	};
	objectVersion = 55;
	objects = {

/* Begin PBXBuildFile section */
		1EDFBD4E28AC274E006689CE /* PlanetExplorerGameApp.swift in Sources */ = {isa = PBXBuildFile; fileRef = 1EDFBD4D28AC274E006689CE /* PlanetExplorerGameApp.swift */; };
		1EDFBD5028AC274E006689CE /* GameView.swift in Sources */ = {isa = PBXBuildFile; fileRef = 1EDFBD4F28AC274E006689CE /* GameView.swift */; };
		1EDFBD5228AC2756006689CE /* Assets.xcassets in Resources */ = {isa = PBXBuildFile; fileRef = 1EDFBD5128AC2756006689CE /* Assets.xcassets */; };
		1EDFBD5528AC2757006689CE /* Preview Assets.xcassets in Resources */ = {isa = PBXBuildFile; fileRef = 1EDFBD5428AC2757006689CE /* Preview Assets.xcassets */; };
		1EDFBD5E28AC2D79006689CE /* ShipPixelComponentView.swift in Sources */ = {isa = PBXBuildFile; fileRef = 1EDFBD5D28AC2D79006689CE /* ShipPixelComponentView.swift */; };
		1EDFBD6028AC2EB3006689CE /* SpaceShipView.swift in Sources */ = {isa = PBXBuildFile; fileRef = 1EDFBD5F28AC2EB3006689CE /* SpaceShipView.swift */; };
		1EDFBD6228AC3128006689CE /* PlanetComponentView.swift in Sources */ = {isa = PBXBuildFile; fileRef = 1EDFBD6128AC3128006689CE /* PlanetComponentView.swift */; };
/* End PBXBuildFile section */

/* Begin PBXFileReference section */
		1EDFBD4A28AC274E006689CE /* PlanetExplorerGame.app */ = {isa = PBXFileReference; explicitFileType = wrapper.application; includeInIndex = 0; path = PlanetExplorerGame.app; sourceTree = BUILT_PRODUCTS_DIR; };
		1EDFBD4D28AC274E006689CE /* PlanetExplorerGameApp.swift */ = {isa = PBXFileReference; lastKnownFileType = sourcecode.swift; path = PlanetExplorerGameApp.swift; sourceTree = "<group>"; };
		1EDFBD4F28AC274E006689CE /* GameView.swift */ = {isa = PBXFileReference; lastKnownFileType = sourcecode.swift; path = GameView.swift; sourceTree = "<group>"; };
		1EDFBD5128AC2756006689CE /* Assets.xcassets */ = {isa = PBXFileReference; lastKnownFileType = folder.assetcatalog; path = Assets.xcassets; sourceTree = "<group>"; };
		1EDFBD5428AC2757006689CE /* Preview Assets.xcassets */ = {isa = PBXFileReference; lastKnownFileType = folder.assetcatalog; path = "Preview Assets.xcassets"; sourceTree = "<group>"; };
		1EDFBD5D28AC2D79006689CE /* ShipPixelComponentView.swift */ = {isa = PBXFileReference; lastKnownFileType = sourcecode.swift; path = ShipPixelComponentView.swift; sourceTree = "<group>"; };
		1EDFBD5F28AC2EB3006689CE /* SpaceShipView.swift */ = {isa = PBXFileReference; lastKnownFileType = sourcecode.swift; path = SpaceShipView.swift; sourceTree = "<group>"; };
		1EDFBD6128AC3128006689CE /* PlanetComponentView.swift */ = {isa = PBXFileReference; lastKnownFileType = sourcecode.swift; path = PlanetComponentView.swift; sourceTree = "<group>"; };
/* End PBXFileReference section */

/* Begin PBXFrameworksBuildPhase section */
		1EDFBD4728AC274E006689CE /* Frameworks */ = {
			isa = PBXFrameworksBuildPhase;
			buildActionMask = 2147483647;
			files = (
			);
			runOnlyForDeploymentPostprocessing = 0;
		};
/* End PBXFrameworksBuildPhase section */

/* Begin PBXGroup section */
		1EDFBD4128AC274E006689CE = {
			isa = PBXGroup;
			children = (
				1EDFBD4C28AC274E006689CE /* PlanetExplorerGame */,
				1EDFBD4B28AC274E006689CE /* Products */,
			);
			sourceTree = "<group>";
		};
		1EDFBD4B28AC274E006689CE /* Products */ = {
			isa = PBXGroup;
			children = (
				1EDFBD4A28AC274E006689CE /* PlanetExplorerGame.app */,
			);
			name = Products;
			sourceTree = "<group>";
		};
		1EDFBD4C28AC274E006689CE /* PlanetExplorerGame */ = {
			isa = PBXGroup;
			children = (
				1EDFBD5C28AC2D39006689CE /* Views */,
				1EDFBD5B28AC2D30006689CE /* Model */,
				1EDFBD4D28AC274E006689CE /* PlanetExplorerGameApp.swift */,
				1EDFBD5128AC2756006689CE /* Assets.xcassets */,
				1EDFBD5328AC2757006689CE /* Preview Content */,
			);
			path = PlanetExplorerGame;
			sourceTree = "<group>";
		};
		1EDFBD5328AC2757006689CE /* Preview Content */ = {
			isa = PBXGroup;
			children = (
				1EDFBD5428AC2757006689CE /* Preview Assets.xcassets */,
			);
			path = "Preview Content";
			sourceTree = "<group>";
		};
		1EDFBD5B28AC2D30006689CE /* Model */ = {
			isa = PBXGroup;
			children = (
			);
			path = Model;
			sourceTree = "<group>";
		};
		1EDFBD5C28AC2D39006689CE /* Views */ = {
			isa = PBXGroup;
			children = (
				1EDFBD4F28AC274E006689CE /* GameView.swift */,
				1EDFBD5D28AC2D79006689CE /* ShipPixelComponentView.swift */,
				1EDFBD5F28AC2EB3006689CE /* SpaceShipView.swift */,
				1EDFBD6128AC3128006689CE /* PlanetComponentView.swift */,
			);
			path = Views;
			sourceTree = "<group>";
		};
/* End PBXGroup section */

/* Begin PBXNativeTarget section */
		1EDFBD4928AC274E006689CE /* PlanetExplorerGame */ = {
			isa = PBXNativeTarget;
			buildConfigurationList = 1EDFBD5828AC2757006689CE /* Build configuration list for PBXNativeTarget "PlanetExplorerGame" */;
			buildPhases = (
				1EDFBD4628AC274E006689CE /* Sources */,
				1EDFBD4728AC274E006689CE /* Frameworks */,
				1EDFBD4828AC274E006689CE /* Resources */,
			);
			buildRules = (
			);
			dependencies = (
			);
			name = PlanetExplorerGame;
			productName = PlanetExplorerGame;
			productReference = 1EDFBD4A28AC274E006689CE /* PlanetExplorerGame.app */;
			productType = "com.apple.product-type.application";
		};
/* End PBXNativeTarget section */

/* Begin PBXProject section */
		1EDFBD4228AC274E006689CE /* Project object */ = {
			isa = PBXProject;
			attributes = {
				BuildIndependentTargetsInParallel = 1;
				LastSwiftUpdateCheck = 1320;
				LastUpgradeCheck = 1320;
				TargetAttributes = {
					1EDFBD4928AC274E006689CE = {
						CreatedOnToolsVersion = 13.2.1;
					};
				};
			};
			buildConfigurationList = 1EDFBD4528AC274E006689CE /* Build configuration list for PBXProject "PlanetExplorerGame" */;
			compatibilityVersion = "Xcode 13.0";
			developmentRegion = en;
			hasScannedForEncodings = 0;
			knownRegions = (
				en,
				Base,
			);
			mainGroup = 1EDFBD4128AC274E006689CE;
			productRefGroup = 1EDFBD4B28AC274E006689CE /* Products */;
			projectDirPath = "";
			projectRoot = "";
			targets = (
				1EDFBD4928AC274E006689CE /* PlanetExplorerGame */,
			);
		};
/* End PBXProject section */

/* Begin PBXResourcesBuildPhase section */
		1EDFBD4828AC274E006689CE /* Resources */ = {
			isa = PBXResourcesBuildPhase;
			buildActionMask = 2147483647;
			files = (
				1EDFBD5528AC2757006689CE /* Preview Assets.xcassets in Resources */,
				1EDFBD5228AC2756006689CE /* Assets.xcassets in Resources */,
			);
			runOnlyForDeploymentPostprocessing = 0;
		};
/* End PBXResourcesBuildPhase section */

/* Begin PBXSourcesBuildPhase section */
		1EDFBD4628AC274E006689CE /* Sources */ = {
			isa = PBXSourcesBuildPhase;
			buildActionMask = 2147483647;
			files = (
				1EDFBD5028AC274E006689CE /* GameView.swift in Sources */,
				1EDFBD6028AC2EB3006689CE /* SpaceShipView.swift in Sources */,
				1EDFBD5E28AC2D79006689CE /* ShipPixelComponentView.swift in Sources */,
				1EDFBD6228AC3128006689CE /* PlanetComponentView.swift in Sources */,
				1EDFBD4E28AC274E006689CE /* PlanetExplorerGameApp.swift in Sources */,
			);
			runOnlyForDeploymentPostprocessing = 0;
		};
/* End PBXSourcesBuildPhase section */

/* Begin XCBuildConfiguration section */
		1EDFBD5628AC2757006689CE /* Debug */ = {
			isa = XCBuildConfiguration;
			buildSettings = {
				ALWAYS_SEARCH_USER_PATHS = NO;
				CLANG_ANALYZER_NONNULL = YES;
				CLANG_ANALYZER_NUMBER_OBJECT_CONVERSION = YES_AGGRESSIVE;
				CLANG_CXX_LANGUAGE_STANDARD = "gnu++17";
				CLANG_CXX_LIBRARY = "libc++";
				CLANG_ENABLE_MODULES = YES;
				CLANG_ENABLE_OBJC_ARC = YES;
				CLANG_ENABLE_OBJC_WEAK = YES;
				CLANG_WARN_BLOCK_CAPTURE_AUTORELEASING = YES;
				CLANG_WARN_BOOL_CONVERSION = YES;
				CLANG_WARN_COMMA = YES;
				CLANG_WARN_CONSTANT_CONVERSION = YES;
				CLANG_WARN_DEPRECATED_OBJC_IMPLEMENTATIONS = YES;
				CLANG_WARN_DIRECT_OBJC_ISA_USAGE = YES_ERROR;
				CLANG_WARN_DOCUMENTATION_COMMENTS = YES;
				CLANG_WARN_EMPTY_BODY = YES;
				CLANG_WARN_ENUM_CONVERSION = YES;
				CLANG_WARN_INFINITE_RECURSION = YES;
				CLANG_WARN_INT_CONVERSION = YES;
				CLANG_WARN_NON_LITERAL_NULL_CONVERSION = YES;
				CLANG_WARN_OBJC_IMPLICIT_RETAIN_SELF = YES;
				CLANG_WARN_OBJC_LITERAL_CONVERSION = YES;
				CLANG_WARN_OBJC_ROOT_CLASS = YES_ERROR;
				CLANG_WARN_QUOTED_INCLUDE_IN_FRAMEWORK_HEADER = YES;
				CLANG_WARN_RANGE_LOOP_ANALYSIS = YES;
				CLANG_WARN_STRICT_PROTOTYPES = YES;
				CLANG_WARN_SUSPICIOUS_MOVE = YES;
				CLANG_WARN_UNGUARDED_AVAILABILITY = YES_AGGRESSIVE;
				CLANG_WARN_UNREACHABLE_CODE = YES;
				CLANG_WARN__DUPLICATE_METHOD_MATCH = YES;
				COPY_PHASE_STRIP = NO;
				DEBUG_INFORMATION_FORMAT = dwarf;
				ENABLE_STRICT_OBJC_MSGSEND = YES;
				ENABLE_TESTABILITY = YES;
				GCC_C_LANGUAGE_STANDARD = gnu11;
				GCC_DYNAMIC_NO_PIC = NO;
				GCC_NO_COMMON_BLOCKS = YES;
				GCC_OPTIMIZATION_LEVEL = 0;
				GCC_PREPROCESSOR_DEFINITIONS = (
					"DEBUG=1",
					"$(inherited)",
				);
				GCC_WARN_64_TO_32_BIT_CONVERSION = YES;
				GCC_WARN_ABOUT_RETURN_TYPE = YES_ERROR;
				GCC_WARN_UNDECLARED_SELECTOR = YES;
				GCC_WARN_UNINITIALIZED_AUTOS = YES_AGGRESSIVE;
				GCC_WARN_UNUSED_FUNCTION = YES;
				GCC_WARN_UNUSED_VARIABLE = YES;
				IPHONEOS_DEPLOYMENT_TARGET = 15.2;
				MTL_ENABLE_DEBUG_INFO = INCLUDE_SOURCE;
				MTL_FAST_MATH = YES;
				ONLY_ACTIVE_ARCH = YES;
				SDKROOT = iphoneos;
				SWIFT_ACTIVE_COMPILATION_CONDITIONS = DEBUG;
				SWIFT_OPTIMIZATION_LEVEL = "-Onone";
			};
			name = Debug;
		};
		1EDFBD5728AC2757006689CE /* Release */ = {
			isa = XCBuildConfiguration;
			buildSettings = {
				ALWAYS_SEARCH_USER_PATHS = NO;
				CLANG_ANALYZER_NONNULL = YES;
				CLANG_ANALYZER_NUMBER_OBJECT_CONVERSION = YES_AGGRESSIVE;
				CLANG_CXX_LANGUAGE_STANDARD = "gnu++17";
				CLANG_CXX_LIBRARY = "libc++";
				CLANG_ENABLE_MODULES = YES;
				CLANG_ENABLE_OBJC_ARC = YES;
				CLANG_ENABLE_OBJC_WEAK = YES;
				CLANG_WARN_BLOCK_CAPTURE_AUTORELEASING = YES;
				CLANG_WARN_BOOL_CONVERSION = YES;
				CLANG_WARN_COMMA = YES;
				CLANG_WARN_CONSTANT_CONVERSION = YES;
				CLANG_WARN_DEPRECATED_OBJC_IMPLEMENTATIONS = YES;
				CLANG_WARN_DIRECT_OBJC_ISA_USAGE = YES_ERROR;
				CLANG_WARN_DOCUMENTATION_COMMENTS = YES;
				CLANG_WARN_EMPTY_BODY = YES;
				CLANG_WARN_ENUM_CONVERSION = YES;
				CLANG_WARN_INFINITE_RECURSION = YES;
				CLANG_WARN_INT_CONVERSION = YES;
				CLANG_WARN_NON_LITERAL_NULL_CONVERSION = YES;
				CLANG_WARN_OBJC_IMPLICIT_RETAIN_SELF = YES;
				CLANG_WARN_OBJC_LITERAL_CONVERSION = YES;
				CLANG_WARN_OBJC_ROOT_CLASS = YES_ERROR;
				CLANG_WARN_QUOTED_INCLUDE_IN_FRAMEWORK_HEADER = YES;
				CLANG_WARN_RANGE_LOOP_ANALYSIS = YES;
				CLANG_WARN_STRICT_PROTOTYPES = YES;
				CLANG_WARN_SUSPICIOUS_MOVE = YES;
				CLANG_WARN_UNGUARDED_AVAILABILITY = YES_AGGRESSIVE;
				CLANG_WARN_UNREACHABLE_CODE = YES;
				CLANG_WARN__DUPLICATE_METHOD_MATCH = YES;
				COPY_PHASE_STRIP = NO;
				DEBUG_INFORMATION_FORMAT = "dwarf-with-dsym";
				ENABLE_NS_ASSERTIONS = NO;
				ENABLE_STRICT_OBJC_MSGSEND = YES;
				GCC_C_LANGUAGE_STANDARD = gnu11;
				GCC_NO_COMMON_BLOCKS = YES;
				GCC_WARN_64_TO_32_BIT_CONVERSION = YES;
				GCC_WARN_ABOUT_RETURN_TYPE = YES_ERROR;
				GCC_WARN_UNDECLARED_SELECTOR = YES;
				GCC_WARN_UNINITIALIZED_AUTOS = YES_AGGRESSIVE;
				GCC_WARN_UNUSED_FUNCTION = YES;
				GCC_WARN_UNUSED_VARIABLE = YES;
				IPHONEOS_DEPLOYMENT_TARGET = 15.2;
				MTL_ENABLE_DEBUG_INFO = NO;
				MTL_FAST_MATH = YES;
				SDKROOT = iphoneos;
				SWIFT_COMPILATION_MODE = wholemodule;
				SWIFT_OPTIMIZATION_LEVEL = "-O";
				VALIDATE_PRODUCT = YES;
			};
			name = Release;
		};
		1EDFBD5928AC2757006689CE /* Debug */ = {
			isa = XCBuildConfiguration;
			buildSettings = {
				ASSETCATALOG_COMPILER_APPICON_NAME = AppIcon;
				ASSETCATALOG_COMPILER_GLOBAL_ACCENT_COLOR_NAME = AccentColor;
				CODE_SIGN_STYLE = Automatic;
				CURRENT_PROJECT_VERSION = 1;
				DEVELOPMENT_ASSET_PATHS = "\"PlanetExplorerGame/Preview Content\"";
				ENABLE_PREVIEWS = YES;
				GENERATE_INFOPLIST_FILE = YES;
				INFOPLIST_KEY_UIApplicationSceneManifest_Generation = YES;
				INFOPLIST_KEY_UIApplicationSupportsIndirectInputEvents = YES;
				INFOPLIST_KEY_UILaunchScreen_Generation = YES;
				INFOPLIST_KEY_UISupportedInterfaceOrientations_iPad = "UIInterfaceOrientationPortrait UIInterfaceOrientationPortraitUpsideDown UIInterfaceOrientationLandscapeLeft UIInterfaceOrientationLandscapeRight";
				INFOPLIST_KEY_UISupportedInterfaceOrientations_iPhone = "UIInterfaceOrientationPortrait UIInterfaceOrientationLandscapeLeft UIInterfaceOrientationLandscapeRight";
				LD_RUNPATH_SEARCH_PATHS = (
					"$(inherited)",
					"@executable_path/Frameworks",
				);
				MARKETING_VERSION = 1.0;
				PRODUCT_BUNDLE_IDENTIFIER = ca.paulbarry.odessey.game.PlanetExplorerGame;
				PRODUCT_NAME = "$(TARGET_NAME)";
				SWIFT_EMIT_LOC_STRINGS = YES;
				SWIFT_VERSION = 5.0;
				TARGETED_DEVICE_FAMILY = "1,2";
			};
			name = Debug;
		};
		1EDFBD5A28AC2757006689CE /* Release */ = {
			isa = XCBuildConfiguration;
			buildSettings = {
				ASSETCATALOG_COMPILER_APPICON_NAME = AppIcon;
				ASSETCATALOG_COMPILER_GLOBAL_ACCENT_COLOR_NAME = AccentColor;
				CODE_SIGN_STYLE = Automatic;
				CURRENT_PROJECT_VERSION = 1;
				DEVELOPMENT_ASSET_PATHS = "\"PlanetExplorerGame/Preview Content\"";
				ENABLE_PREVIEWS = YES;
				GENERATE_INFOPLIST_FILE = YES;
				INFOPLIST_KEY_UIApplicationSceneManifest_Generation = YES;
				INFOPLIST_KEY_UIApplicationSupportsIndirectInputEvents = YES;
				INFOPLIST_KEY_UILaunchScreen_Generation = YES;
				INFOPLIST_KEY_UISupportedInterfaceOrientations_iPad = "UIInterfaceOrientationPortrait UIInterfaceOrientationPortraitUpsideDown UIInterfaceOrientationLandscapeLeft UIInterfaceOrientationLandscapeRight";
				INFOPLIST_KEY_UISupportedInterfaceOrientations_iPhone = "UIInterfaceOrientationPortrait UIInterfaceOrientationLandscapeLeft UIInterfaceOrientationLandscapeRight";
				LD_RUNPATH_SEARCH_PATHS = (
					"$(inherited)",
					"@executable_path/Frameworks",
				);
				MARKETING_VERSION = 1.0;
				PRODUCT_BUNDLE_IDENTIFIER = ca.paulbarry.odessey.game.PlanetExplorerGame;
				PRODUCT_NAME = "$(TARGET_NAME)";
				SWIFT_EMIT_LOC_STRINGS = YES;
				SWIFT_VERSION = 5.0;
				TARGETED_DEVICE_FAMILY = "1,2";
			};
			name = Release;
		};
/* End XCBuildConfiguration section */

/* Begin XCConfigurationList section */
		1EDFBD4528AC274E006689CE /* Build configuration list for PBXProject "PlanetExplorerGame" */ = {
			isa = XCConfigurationList;
			buildConfigurations = (
				1EDFBD5628AC2757006689CE /* Debug */,
				1EDFBD5728AC2757006689CE /* Release */,
			);
			defaultConfigurationIsVisible = 0;
			defaultConfigurationName = Release;
		};
		1EDFBD5828AC2757006689CE /* Build configuration list for PBXNativeTarget "PlanetExplorerGame" */ = {
			isa = XCConfigurationList;
			buildConfigurations = (
				1EDFBD5928AC2757006689CE /* Debug */,
				1EDFBD5A28AC2757006689CE /* Release */,
			);
			defaultConfigurationIsVisible = 0;
			defaultConfigurationName = Release;
		};
/* End XCConfigurationList section */
	};
	rootObject = 1EDFBD4228AC274E006689CE /* Project object */;
}
